
Microsoft Visual Studio Solution File, Format Version 12.00
# Visual Studio 15
VisualStudioVersion = 15.0.28307.489
MinimumVisualStudioVersion = 10.0.40219.1
Project("{9A19103F-16F7-4668-BE54-9A1E7A4F7556}") = "PerfTest", "PerfTest\PerfTest.csproj", "{496E84C0-5BAA-41B7-8330-B4977D6E5C58}"
EndProject
Global
	GlobalSection(SolutionConfigurationPlatforms) = preSolution
		Debug|Any CPU = Debug|Any CPU
		Release|Any CPU = Release|Any CPU
	EndGlobalSection
	GlobalSection(ProjectConfigurationPlatforms) = postSolution
		{496E84C0-5BAA-41B7-8330-B4977D6E5C58}.Debug|Any CPU.ActiveCfg = Debug|Any CPU
		{496E84C0-5BAA-41B7-8330-B4977D6E5C58}.Debug|Any CPU.Build.0 = Debug|Any CPU
		{496E84C0-5BAA-41B7-8330-B4977D6E5C58}.Release|Any CPU.ActiveCfg = Release|Any CPU
		{496E84C0-5BAA-41B7-8330-B4977D6E5C58}.Release|Any CPU.Build.0 = Release|Any CPU
	EndGlobalSection
	GlobalSection(SolutionProperties) = preSolution
		HideSolutionNode = FALSE
	EndGlobalSection
	GlobalSection(ExtensibilityGlobals) = postSolution
		SolutionGuid = {C85CA7FA-7C75-4554-859B-95FAE5767684}
	EndGlobalSection
EndGlobal
